// !$*UTF8*$!
{
	archiveVersion = 1;
	classes = {
	};
	objectVersion = 46;
	objects = {

/* Begin PBXBuildFile section */
		3F9FC61B1E8C9D980036A1F0 /* AppDelegate.swift in Sources */ = {isa = PBXBuildFile; fileRef = 3F9FC61A1E8C9D980036A1F0 /* AppDelegate.swift */; };
		3F9FC61D1E8C9D980036A1F0 /* ViewController.swift in Sources */ = {isa = PBXBuildFile; fileRef = 3F9FC61C1E8C9D980036A1F0 /* ViewController.swift */; };
		3F9FC6201E8C9D980036A1F0 /* Main.storyboard in Resources */ = {isa = PBXBuildFile; fileRef = 3F9FC61E1E8C9D980036A1F0 /* Main.storyboard */; };
		3F9FC6221E8C9D980036A1F0 /* Assets.xcassets in Resources */ = {isa = PBXBuildFile; fileRef = 3F9FC6211E8C9D980036A1F0 /* Assets.xcassets */; };
		3F9FC6251E8C9D980036A1F0 /* LaunchScreen.storyboard in Resources */ = {isa = PBXBuildFile; fileRef = 3F9FC6231E8C9D980036A1F0 /* LaunchScreen.storyboard */; };
		3F9FC6301E8C9D980036A1F0 /* PersistenceDCTests.swift in Sources */ = {isa = PBXBuildFile; fileRef = 3F9FC62F1E8C9D980036A1F0 /* PersistenceDCTests.swift */; };
		3F9FC63B1E8C9D980036A1F0 /* PersistenceDCUITests.swift in Sources */ = {isa = PBXBuildFile; fileRef = 3F9FC63A1E8C9D980036A1F0 /* PersistenceDCUITests.swift */; };
/* End PBXBuildFile section */

/* Begin PBXContainerItemProxy section */
		3F9FC62C1E8C9D980036A1F0 /* PBXContainerItemProxy */ = {
			isa = PBXContainerItemProxy;
			containerPortal = 3F9FC60F1E8C9D980036A1F0 /* Project object */;
			proxyType = 1;
			remoteGlobalIDString = 3F9FC6161E8C9D980036A1F0;
			remoteInfo = PersistenceDC;
		};
		3F9FC6371E8C9D980036A1F0 /* PBXContainerItemProxy */ = {
			isa = PBXContainerItemProxy;
			containerPortal = 3F9FC60F1E8C9D980036A1F0 /* Project object */;
			proxyType = 1;
			remoteGlobalIDString = 3F9FC6161E8C9D980036A1F0;
			remoteInfo = PersistenceDC;
		};
/* End PBXContainerItemProxy section */

/* Begin PBXFileReference section */
		3F9FC6171E8C9D980036A1F0 /* PersistenceDC.app */ = {isa = PBXFileReference; explicitFileType = wrapper.application; includeInIndex = 0; path = PersistenceDC.app; sourceTree = BUILT_PRODUCTS_DIR; };
		3F9FC61A1E8C9D980036A1F0 /* AppDelegate.swift */ = {isa = PBXFileReference; lastKnownFileType = sourcecode.swift; path = AppDelegate.swift; sourceTree = "<group>"; };
		3F9FC61C1E8C9D980036A1F0 /* ViewController.swift */ = {isa = PBXFileReference; lastKnownFileType = sourcecode.swift; path = ViewController.swift; sourceTree = "<group>"; };
		3F9FC61F1E8C9D980036A1F0 /* Base */ = {isa = PBXFileReference; lastKnownFileType = file.storyboard; name = Base; path = Base.lproj/Main.storyboard; sourceTree = "<group>"; };
		3F9FC6211E8C9D980036A1F0 /* Assets.xcassets */ = {isa = PBXFileReference; lastKnownFileType = folder.assetcatalog; path = Assets.xcassets; sourceTree = "<group>"; };
		3F9FC6241E8C9D980036A1F0 /* Base */ = {isa = PBXFileReference; lastKnownFileType = file.storyboard; name = Base; path = Base.lproj/LaunchScreen.storyboard; sourceTree = "<group>"; };
		3F9FC6261E8C9D980036A1F0 /* Info.plist */ = {isa = PBXFileReference; lastKnownFileType = text.plist.xml; path = Info.plist; sourceTree = "<group>"; };
		3F9FC62B1E8C9D980036A1F0 /* PersistenceDCTests.xctest */ = {isa = PBXFileReference; explicitFileType = wrapper.cfbundle; includeInIndex = 0; path = PersistenceDCTests.xctest; sourceTree = BUILT_PRODUCTS_DIR; };
		3F9FC62F1E8C9D980036A1F0 /* PersistenceDCTests.swift */ = {isa = PBXFileReference; lastKnownFileType = sourcecode.swift; path = PersistenceDCTests.swift; sourceTree = "<group>"; };
		3F9FC6311E8C9D980036A1F0 /* Info.plist */ = {isa = PBXFileReference; lastKnownFileType = text.plist.xml; path = Info.plist; sourceTree = "<group>"; };
		3F9FC6361E8C9D980036A1F0 /* PersistenceDCUITests.xctest */ = {isa = PBXFileReference; explicitFileType = wrapper.cfbundle; includeInIndex = 0; path = PersistenceDCUITests.xctest; sourceTree = BUILT_PRODUCTS_DIR; };
		3F9FC63A1E8C9D980036A1F0 /* PersistenceDCUITests.swift */ = {isa = PBXFileReference; lastKnownFileType = sourcecode.swift; path = PersistenceDCUITests.swift; sourceTree = "<group>"; };
		3F9FC63C1E8C9D990036A1F0 /* Info.plist */ = {isa = PBXFileReference; lastKnownFileType = text.plist.xml; path = Info.plist; sourceTree = "<group>"; };
/* End PBXFileReference section */

/* Begin PBXFrameworksBuildPhase section */
		3F9FC6141E8C9D980036A1F0 /* Frameworks */ = {
			isa = PBXFrameworksBuildPhase;
			buildActionMask = 2147483647;
			files = (
			);
			runOnlyForDeploymentPostprocessing = 0;
		};
		3F9FC6281E8C9D980036A1F0 /* Frameworks */ = {
			isa = PBXFrameworksBuildPhase;
			buildActionMask = 2147483647;
			files = (
			);
			runOnlyForDeploymentPostprocessing = 0;
		};
		3F9FC6331E8C9D980036A1F0 /* Frameworks */ = {
			isa = PBXFrameworksBuildPhase;
			buildActionMask = 2147483647;
			files = (
			);
			runOnlyForDeploymentPostprocessing = 0;
		};
/* End PBXFrameworksBuildPhase section */

/* Begin PBXGroup section */
		3F9FC60E1E8C9D980036A1F0 = {
			isa = PBXGroup;
			children = (
				3F9FC6191E8C9D980036A1F0 /* PersistenceDC */,
				3F9FC62E1E8C9D980036A1F0 /* PersistenceDCTests */,
				3F9FC6391E8C9D980036A1F0 /* PersistenceDCUITests */,
				3F9FC6181E8C9D980036A1F0 /* Products */,
			);
			sourceTree = "<group>";
		};
		3F9FC6181E8C9D980036A1F0 /* Products */ = {
			isa = PBXGroup;
			children = (
				3F9FC6171E8C9D980036A1F0 /* PersistenceDC.app */,
				3F9FC62B1E8C9D980036A1F0 /* PersistenceDCTests.xctest */,
				3F9FC6361E8C9D980036A1F0 /* PersistenceDCUITests.xctest */,
			);
			name = Products;
			sourceTree = "<group>";
		};
		3F9FC6191E8C9D980036A1F0 /* PersistenceDC */ = {
			isa = PBXGroup;
			children = (
				3F9FC61A1E8C9D980036A1F0 /* AppDelegate.swift */,
				3F9FC61C1E8C9D980036A1F0 /* ViewController.swift */,
				3F9FC61E1E8C9D980036A1F0 /* Main.storyboard */,
				3F9FC6211E8C9D980036A1F0 /* Assets.xcassets */,
				3F9FC6231E8C9D980036A1F0 /* LaunchScreen.storyboard */,
				3F9FC6261E8C9D980036A1F0 /* Info.plist */,
			);
			path = PersistenceDC;
			sourceTree = "<group>";
		};
		3F9FC62E1E8C9D980036A1F0 /* PersistenceDCTests */ = {
			isa = PBXGroup;
			children = (
				3F9FC62F1E8C9D980036A1F0 /* PersistenceDCTests.swift */,
				3F9FC6311E8C9D980036A1F0 /* Info.plist */,
			);
			path = PersistenceDCTests;
			sourceTree = "<group>";
		};
		3F9FC6391E8C9D980036A1F0 /* PersistenceDCUITests */ = {
			isa = PBXGroup;
			children = (
				3F9FC63A1E8C9D980036A1F0 /* PersistenceDCUITests.swift */,
				3F9FC63C1E8C9D990036A1F0 /* Info.plist */,
			);
			path = PersistenceDCUITests;
			sourceTree = "<group>";
		};
/* End PBXGroup section */

/* Begin PBXNativeTarget section */
		3F9FC6161E8C9D980036A1F0 /* PersistenceDC */ = {
			isa = PBXNativeTarget;
			buildConfigurationList = 3F9FC63F1E8C9D990036A1F0 /* Build configuration list for PBXNativeTarget "PersistenceDC" */;
			buildPhases = (
				3F9FC6131E8C9D980036A1F0 /* Sources */,
				3F9FC6141E8C9D980036A1F0 /* Frameworks */,
				3F9FC6151E8C9D980036A1F0 /* Resources */,
			);
			buildRules = (
			);
			dependencies = (
			);
			name = PersistenceDC;
			productName = PersistenceDC;
			productReference = 3F9FC6171E8C9D980036A1F0 /* PersistenceDC.app */;
			productType = "com.apple.product-type.application";
		};
		3F9FC62A1E8C9D980036A1F0 /* PersistenceDCTests */ = {
			isa = PBXNativeTarget;
			buildConfigurationList = 3F9FC6421E8C9D990036A1F0 /* Build configuration list for PBXNativeTarget "PersistenceDCTests" */;
			buildPhases = (
				3F9FC6271E8C9D980036A1F0 /* Sources */,
				3F9FC6281E8C9D980036A1F0 /* Frameworks */,
				3F9FC6291E8C9D980036A1F0 /* Resources */,
			);
			buildRules = (
			);
			dependencies = (
				3F9FC62D1E8C9D980036A1F0 /* PBXTargetDependency */,
			);
			name = PersistenceDCTests;
			productName = PersistenceDCTests;
			productReference = 3F9FC62B1E8C9D980036A1F0 /* PersistenceDCTests.xctest */;
			productType = "com.apple.product-type.bundle.unit-test";
		};
		3F9FC6351E8C9D980036A1F0 /* PersistenceDCUITests */ = {
			isa = PBXNativeTarget;
			buildConfigurationList = 3F9FC6451E8C9D990036A1F0 /* Build configuration list for PBXNativeTarget "PersistenceDCUITests" */;
			buildPhases = (
				3F9FC6321E8C9D980036A1F0 /* Sources */,
				3F9FC6331E8C9D980036A1F0 /* Frameworks */,
				3F9FC6341E8C9D980036A1F0 /* Resources */,
			);
			buildRules = (
			);
			dependencies = (
				3F9FC6381E8C9D980036A1F0 /* PBXTargetDependency */,
			);
			name = PersistenceDCUITests;
			productName = PersistenceDCUITests;
			productReference = 3F9FC6361E8C9D980036A1F0 /* PersistenceDCUITests.xctest */;
			productType = "com.apple.product-type.bundle.ui-testing";
		};
/* End PBXNativeTarget section */

/* Begin PBXProject section */
		3F9FC60F1E8C9D980036A1F0 /* Project object */ = {
			isa = PBXProject;
			attributes = {
				LastSwiftUpdateCheck = 0820;
				LastUpgradeCheck = 0820;
				ORGANIZATIONNAME = "Daniel Catlett";
				TargetAttributes = {
					3F9FC6161E8C9D980036A1F0 = {
						CreatedOnToolsVersion = 8.2.1;
						ProvisioningStyle = Automatic;
					};
					3F9FC62A1E8C9D980036A1F0 = {
						CreatedOnToolsVersion = 8.2.1;
						ProvisioningStyle = Automatic;
						TestTargetID = 3F9FC6161E8C9D980036A1F0;
					};
					3F9FC6351E8C9D980036A1F0 = {
						CreatedOnToolsVersion = 8.2.1;
						ProvisioningStyle = Automatic;
						TestTargetID = 3F9FC6161E8C9D980036A1F0;
					};
				};
			};
			buildConfigurationList = 3F9FC6121E8C9D980036A1F0 /* Build configuration list for PBXProject "PersistenceDC" */;
			compatibilityVersion = "Xcode 3.2";
			developmentRegion = English;
			hasScannedForEncodings = 0;
			knownRegions = (
				en,
				Base,
			);
			mainGroup = 3F9FC60E1E8C9D980036A1F0;
			productRefGroup = 3F9FC6181E8C9D980036A1F0 /* Products */;
			projectDirPath = "";
			projectRoot = "";
			targets = (
				3F9FC6161E8C9D980036A1F0 /* PersistenceDC */,
				3F9FC62A1E8C9D980036A1F0 /* PersistenceDCTests */,
				3F9FC6351E8C9D980036A1F0 /* PersistenceDCUITests */,
			);
		};
/* End PBXProject section */

/* Begin PBXResourcesBuildPhase section */
		3F9FC6151E8C9D980036A1F0 /* Resources */ = {
			isa = PBXResourcesBuildPhase;
			buildActionMask = 2147483647;
			files = (
				3F9FC6251E8C9D980036A1F0 /* LaunchScreen.storyboard in Resources */,
				3F9FC6221E8C9D980036A1F0 /* Assets.xcassets in Resources */,
				3F9FC6201E8C9D980036A1F0 /* Main.storyboard in Resources */,
			);
			runOnlyForDeploymentPostprocessing = 0;
		};
		3F9FC6291E8C9D980036A1F0 /* Resources */ = {
			isa = PBXResourcesBuildPhase;
			buildActionMask = 2147483647;
			files = (
			);
			runOnlyForDeploymentPostprocessing = 0;
		};
		3F9FC6341E8C9D980036A1F0 /* Resources */ = {
			isa = PBXResourcesBuildPhase;
			buildActionMask = 2147483647;
			files = (
			);
			runOnlyForDeploymentPostprocessing = 0;
		};
/* End PBXResourcesBuildPhase section */

/* Begin PBXSourcesBuildPhase section */
		3F9FC6131E8C9D980036A1F0 /* Sources */ = {
			isa = PBXSourcesBuildPhase;
			buildActionMask = 2147483647;
			files = (
				3F9FC61D1E8C9D980036A1F0 /* ViewController.swift in Sources */,
				3F9FC61B1E8C9D980036A1F0 /* AppDelegate.swift in Sources */,
			);
			runOnlyForDeploymentPostprocessing = 0;
		};
		3F9FC6271E8C9D980036A1F0 /* Sources */ = {
			isa = PBXSourcesBuildPhase;
			buildActionMask = 2147483647;
			files = (
				3F9FC6301E8C9D980036A1F0 /* PersistenceDCTests.swift in Sources */,
			);
			runOnlyForDeploymentPostprocessing = 0;
		};
		3F9FC6321E8C9D980036A1F0 /* Sources */ = {
			isa = PBXSourcesBuildPhase;
			buildActionMask = 2147483647;
			files = (
				3F9FC63B1E8C9D980036A1F0 /* PersistenceDCUITests.swift in Sources */,
			);
			runOnlyForDeploymentPostprocessing = 0;
		};
/* End PBXSourcesBuildPhase section */

/* Begin PBXTargetDependency section */
		3F9FC62D1E8C9D980036A1F0 /* PBXTargetDependency */ = {
			isa = PBXTargetDependency;
			target = 3F9FC6161E8C9D980036A1F0 /* PersistenceDC */;
			targetProxy = 3F9FC62C1E8C9D980036A1F0 /* PBXContainerItemProxy */;
		};
		3F9FC6381E8C9D980036A1F0 /* PBXTargetDependency */ = {
			isa = PBXTargetDependency;
			target = 3F9FC6161E8C9D980036A1F0 /* PersistenceDC */;
			targetProxy = 3F9FC6371E8C9D980036A1F0 /* PBXContainerItemProxy */;
		};
/* End PBXTargetDependency section */

/* Begin PBXVariantGroup section */
		3F9FC61E1E8C9D980036A1F0 /* Main.storyboard */ = {
			isa = PBXVariantGroup;
			children = (
				3F9FC61F1E8C9D980036A1F0 /* Base */,
			);
			name = Main.storyboard;
			sourceTree = "<group>";
		};
		3F9FC6231E8C9D980036A1F0 /* LaunchScreen.storyboard */ = {
			isa = PBXVariantGroup;
			children = (
				3F9FC6241E8C9D980036A1F0 /* Base */,
			);
			name = LaunchScreen.storyboard;
			sourceTree = "<group>";
		};
/* End PBXVariantGroup section */

/* Begin XCBuildConfiguration section */
		3F9FC63D1E8C9D990036A1F0 /* Debug */ = {
			isa = XCBuildConfiguration;
			buildSettings = {
				ALWAYS_SEARCH_USER_PATHS = NO;
				CLANG_ANALYZER_NONNULL = YES;
				CLANG_CXX_LANGUAGE_STANDARD = "gnu++0x";
				CLANG_CXX_LIBRARY = "libc++";
				CLANG_ENABLE_MODULES = YES;
				CLANG_ENABLE_OBJC_ARC = YES;
				CLANG_WARN_BOOL_CONVERSION = YES;
				CLANG_WARN_CONSTANT_CONVERSION = YES;
				CLANG_WARN_DIRECT_OBJC_ISA_USAGE = YES_ERROR;
				CLANG_WARN_DOCUMENTATION_COMMENTS = YES;
				CLANG_WARN_EMPTY_BODY = YES;
				CLANG_WARN_ENUM_CONVERSION = YES;
				CLANG_WARN_INFINITE_RECURSION = YES;
				CLANG_WARN_INT_CONVERSION = YES;
				CLANG_WARN_OBJC_ROOT_CLASS = YES_ERROR;
				CLANG_WARN_SUSPICIOUS_MOVE = YES;
				CLANG_WARN_UNREACHABLE_CODE = YES;
				CLANG_WARN__DUPLICATE_METHOD_MATCH = YES;
				"CODE_SIGN_IDENTITY[sdk=iphoneos*]" = "iPhone Developer";
				COPY_PHASE_STRIP = NO;
				DEBUG_INFORMATION_FORMAT = dwarf;
				ENABLE_STRICT_OBJC_MSGSEND = YES;
				ENABLE_TESTABILITY = YES;
				GCC_C_LANGUAGE_STANDARD = gnu99;
				GCC_DYNAMIC_NO_PIC = NO;
				GCC_NO_COMMON_BLOCKS = YES;
				GCC_OPTIMIZATION_LEVEL = 0;
				GCC_PREPROCESSOR_DEFINITIONS = (
					"DEBUG=1",
					"$(inherited)",
				);
				GCC_WARN_64_TO_32_BIT_CONVERSION = YES;
				GCC_WARN_ABOUT_RETURN_TYPE = YES_ERROR;
				GCC_WARN_UNDECLARED_SELECTOR = YES;
				GCC_WARN_UNINITIALIZED_AUTOS = YES_AGGRESSIVE;
				GCC_WARN_UNUSED_FUNCTION = YES;
				GCC_WARN_UNUSED_VARIABLE = YES;
				IPHONEOS_DEPLOYMENT_TARGET = 10.2;
				MTL_ENABLE_DEBUG_INFO = YES;
				ONLY_ACTIVE_ARCH = YES;
				SDKROOT = iphoneos;
				SWIFT_ACTIVE_COMPILATION_CONDITIONS = DEBUG;
				SWIFT_OPTIMIZATION_LEVEL = "-Onone";
				TARGETED_DEVICE_FAMILY = "1,2";
			};
			name = Debug;
		};
		3F9FC63E1E8C9D990036A1F0 /* Release */ = {
			isa = XCBuildConfiguration;
			buildSettings = {
				ALWAYS_SEARCH_USER_PATHS = NO;
				CLANG_ANALYZER_NONNULL = YES;
				CLANG_CXX_LANGUAGE_STANDARD = "gnu++0x";
				CLANG_CXX_LIBRARY = "libc++";
				CLANG_ENABLE_MODULES = YES;
				CLANG_ENABLE_OBJC_ARC = YES;
				CLANG_WARN_BOOL_CONVERSION = YES;
				CLANG_WARN_CONSTANT_CONVERSION = YES;
				CLANG_WARN_DIRECT_OBJC_ISA_USAGE = YES_ERROR;
				CLANG_WARN_DOCUMENTATION_COMMENTS = YES;
				CLANG_WARN_EMPTY_BODY = YES;
				CLANG_WARN_ENUM_CONVERSION = YES;
				CLANG_WARN_INFINITE_RECURSION = YES;
				CLANG_WARN_INT_CONVERSION = YES;
				CLANG_WARN_OBJC_ROOT_CLASS = YES_ERROR;
				CLANG_WARN_SUSPICIOUS_MOVE = YES;
				CLANG_WARN_UNREACHABLE_CODE = YES;
				CLANG_WARN__DUPLICATE_METHOD_MATCH = YES;
				"CODE_SIGN_IDENTITY[sdk=iphoneos*]" = "iPhone Developer";
				COPY_PHASE_STRIP = NO;
				DEBUG_INFORMATION_FORMAT = "dwarf-with-dsym";
				ENABLE_NS_ASSERTIONS = NO;
				ENABLE_STRICT_OBJC_MSGSEND = YES;
				GCC_C_LANGUAGE_STANDARD = gnu99;
				GCC_NO_COMMON_BLOCKS = YES;
				GCC_WARN_64_TO_32_BIT_CONVERSION = YES;
				GCC_WARN_ABOUT_RETURN_TYPE = YES_ERROR;
				GCC_WARN_UNDECLARED_SELECTOR = YES;
				GCC_WARN_UNINITIALIZED_AUTOS = YES_AGGRESSIVE;
				GCC_WARN_UNUSED_FUNCTION = YES;
				GCC_WARN_UNUSED_VARIABLE = YES;
				IPHONEOS_DEPLOYMENT_TARGET = 10.2;
				MTL_ENABLE_DEBUG_INFO = NO;
				SDKROOT = iphoneos;
				SWIFT_OPTIMIZATION_LEVEL = "-Owholemodule";
				TARGETED_DEVICE_FAMILY = "1,2";
				VALIDATE_PRODUCT = YES;
			};
			name = Release;
		};
		3F9FC6401E8C9D990036A1F0 /* Debug */ = {
			isa = XCBuildConfiguration;
			buildSettings = {
				ASSETCATALOG_COMPILER_APPICON_NAME = AppIcon;
				INFOPLIST_FILE = PersistenceDC/Info.plist;
				LD_RUNPATH_SEARCH_PATHS = "$(inherited) @executable_path/Frameworks";
				PRODUCT_BUNDLE_IDENTIFIER = "Daniel-Catlett.PersistenceDC";
				PRODUCT_NAME = "$(TARGET_NAME)";
				SWIFT_VERSION = 3.0;
			};
			name = Debug;
		};
		3F9FC6411E8C9D990036A1F0 /* Release */ = {
			isa = XCBuildConfiguration;
			buildSettings = {
				ASSETCATALOG_COMPILER_APPICON_NAME = AppIcon;
				INFOPLIST_FILE = PersistenceDC/Info.plist;
				LD_RUNPATH_SEARCH_PATHS = "$(inherited) @executable_path/Frameworks";
				PRODUCT_BUNDLE_IDENTIFIER = "Daniel-Catlett.PersistenceDC";
				PRODUCT_NAME = "$(TARGET_NAME)";
				SWIFT_VERSION = 3.0;
			};
			name = Release;
		};
		3F9FC6431E8C9D990036A1F0 /* Debug */ = {
			isa = XCBuildConfiguration;
			buildSettings = {
				ALWAYS_EMBED_SWIFT_STANDARD_LIBRARIES = YES;
				BUNDLE_LOADER = "$(TEST_HOST)";
				INFOPLIST_FILE = PersistenceDCTests/Info.plist;
				LD_RUNPATH_SEARCH_PATHS = "$(inherited) @executable_path/Frameworks @loader_path/Frameworks";
				PRODUCT_BUNDLE_IDENTIFIER = "Daniel-Catlett.PersistenceDCTests";
				PRODUCT_NAME = "$(TARGET_NAME)";
				SWIFT_VERSION = 3.0;
				TEST_HOST = "$(BUILT_PRODUCTS_DIR)/PersistenceDC.app/PersistenceDC";
			};
			name = Debug;
		};
		3F9FC6441E8C9D990036A1F0 /* Release */ = {
			isa = XCBuildConfiguration;
			buildSettings = {
				ALWAYS_EMBED_SWIFT_STANDARD_LIBRARIES = YES;
				BUNDLE_LOADER = "$(TEST_HOST)";
				INFOPLIST_FILE = PersistenceDCTests/Info.plist;
				LD_RUNPATH_SEARCH_PATHS = "$(inherited) @executable_path/Frameworks @loader_path/Frameworks";
				PRODUCT_BUNDLE_IDENTIFIER = "Daniel-Catlett.PersistenceDCTests";
				PRODUCT_NAME = "$(TARGET_NAME)";
				SWIFT_VERSION = 3.0;
				TEST_HOST = "$(BUILT_PRODUCTS_DIR)/PersistenceDC.app/PersistenceDC";
			};
			name = Release;
		};
		3F9FC6461E8C9D990036A1F0 /* Debug */ = {
			isa = XCBuildConfiguration;
			buildSettings = {
				ALWAYS_EMBED_SWIFT_STANDARD_LIBRARIES = YES;
				INFOPLIST_FILE = PersistenceDCUITests/Info.plist;
				LD_RUNPATH_SEARCH_PATHS = "$(inherited) @executable_path/Frameworks @loader_path/Frameworks";
				PRODUCT_BUNDLE_IDENTIFIER = "Daniel-Catlett.PersistenceDCUITests";
				PRODUCT_NAME = "$(TARGET_NAME)";
				SWIFT_VERSION = 3.0;
				TEST_TARGET_NAME = PersistenceDC;
			};
			name = Debug;
		};
		3F9FC6471E8C9D990036A1F0 /* Release */ = {
			isa = XCBuildConfiguration;
			buildSettings = {
				ALWAYS_EMBED_SWIFT_STANDARD_LIBRARIES = YES;
				INFOPLIST_FILE = PersistenceDCUITests/Info.plist;
				LD_RUNPATH_SEARCH_PATHS = "$(inherited) @executable_path/Frameworks @loader_path/Frameworks";
				PRODUCT_BUNDLE_IDENTIFIER = "Daniel-Catlett.PersistenceDCUITests";
				PRODUCT_NAME = "$(TARGET_NAME)";
				SWIFT_VERSION = 3.0;
				TEST_TARGET_NAME = PersistenceDC;
			};
			name = Release;
		};
/* End XCBuildConfiguration section */

/* Begin XCConfigurationList section */
		3F9FC6121E8C9D980036A1F0 /* Build configuration list for PBXProject "PersistenceDC" */ = {
			isa = XCConfigurationList;
			buildConfigurations = (
				3F9FC63D1E8C9D990036A1F0 /* Debug */,
				3F9FC63E1E8C9D990036A1F0 /* Release */,
			);
			defaultConfigurationIsVisible = 0;
			defaultConfigurationName = Release;
		};
		3F9FC63F1E8C9D990036A1F0 /* Build configuration list for PBXNativeTarget "PersistenceDC" */ = {
			isa = XCConfigurationList;
			buildConfigurations = (
				3F9FC6401E8C9D990036A1F0 /* Debug */,
				3F9FC6411E8C9D990036A1F0 /* Release */,
			);
			defaultConfigurationIsVisible = 0;
		};
		3F9FC6421E8C9D990036A1F0 /* Build configuration list for PBXNativeTarget "PersistenceDCTests" */ = {
			isa = XCConfigurationList;
			buildConfigurations = (
				3F9FC6431E8C9D990036A1F0 /* Debug */,
				3F9FC6441E8C9D990036A1F0 /* Release */,
			);
			defaultConfigurationIsVisible = 0;
		};
		3F9FC6451E8C9D990036A1F0 /* Build configuration list for PBXNativeTarget "PersistenceDCUITests" */ = {
			isa = XCConfigurationList;
			buildConfigurations = (
				3F9FC6461E8C9D990036A1F0 /* Debug */,
				3F9FC6471E8C9D990036A1F0 /* Release */,
			);
			defaultConfigurationIsVisible = 0;
		};
/* End XCConfigurationList section */
	};
	rootObject = 3F9FC60F1E8C9D980036A1F0 /* Project object */;
}
